
Microsoft Visual Studio Solution File, Format Version 12.00
# Visual Studio Version 17
VisualStudioVersion = 17.4.33122.133
MinimumVisualStudioVersion = 10.0.40219.1
Project("{FAE04EC0-301F-11D3-BF4B-00C04F79EFBC}") = "CurshachCTO1", "CurshachCTO1\CurshachCTO1.csproj", "{A93834B3-B882-4CC8-B31B-0B6F4D38857B}"
EndProject
Global
	GlobalSection(SolutionConfigurationPlatforms) = preSolution
		Debug|Any CPU = Debug|Any CPU
		Release|Any CPU = Release|Any CPU
	EndGlobalSection
	GlobalSection(ProjectConfigurationPlatforms) = postSolution
		{A93834B3-B882-4CC8-B31B-0B6F4D38857B}.Debug|Any CPU.ActiveCfg = Debug|Any CPU
		{A93834B3-B882-4CC8-B31B-0B6F4D38857B}.Debug|Any CPU.Build.0 = Debug|Any CPU
		{A93834B3-B882-4CC8-B31B-0B6F4D38857B}.Release|Any CPU.ActiveCfg = Release|Any CPU
		{A93834B3-B882-4CC8-B31B-0B6F4D38857B}.Release|Any CPU.Build.0 = Release|Any CPU
	EndGlobalSection
	GlobalSection(SolutionProperties) = preSolution
		HideSolutionNode = FALSE
	EndGlobalSection
	GlobalSection(ExtensibilityGlobals) = postSolution
		SolutionGuid = {1BC9E488-81FB-43C9-A692-9EF65C17CE80}
	EndGlobalSection
EndGlobal
